
Microsoft Visual Studio Solution File, Format Version 12.00
# Visual Studio Version 17
VisualStudioVersion = 17.5.002.0
MinimumVisualStudioVersion = 10.0.40219.1
Project("{2150E333-8FDC-42A3-9474-1A3956D46DE8}") = "src", "src", "{47A33A91-F6B1-47C9-A067-1326D1A8BB58}"
EndProject
Project("{9A19103F-16F7-4668-BE54-9A1E7A4F7556}") = "Bergdahl.NodePad.WebApp", "src\Bergdahl.NodePad.WebApp\Bergdahl.NodePad.WebApp.csproj", "{4C117302-7985-4E41-90FF-CE5334B271BD}"
EndProject
Global
	GlobalSection(SolutionConfigurationPlatforms) = preSolution
		Debug|Any CPU = Debug|Any CPU
		Release|Any CPU = Release|Any CPU
	EndGlobalSection
	GlobalSection(ProjectConfigurationPlatforms) = postSolution
		{4C117302-7985-4E41-90FF-CE5334B271BD}.Debug|Any CPU.ActiveCfg = Debug|Any CPU
		{4C117302-7985-4E41-90FF-CE5334B271BD}.Debug|Any CPU.Build.0 = Debug|Any CPU
		{4C117302-7985-4E41-90FF-CE5334B271BD}.Release|Any CPU.ActiveCfg = Release|Any CPU
		{4C117302-7985-4E41-90FF-CE5334B271BD}.Release|Any CPU.Build.0 = Release|Any CPU
	EndGlobalSection
	GlobalSection(SolutionProperties) = preSolution
		HideSolutionNode = FALSE
	EndGlobalSection
	GlobalSection(NestedProjects) = preSolution
		{4C117302-7985-4E41-90FF-CE5334B271BD} = {47A33A91-F6B1-47C9-A067-1326D1A8BB58}
	EndGlobalSection
	GlobalSection(ExtensibilityGlobals) = postSolution
		SolutionGuid = {494CD316-E57C-43E9-8B25-B66191472ECB}
	EndGlobalSection
EndGlobal
